
Microsoft Visual Studio Solution File, Format Version 12.00
# Visual Studio 15
Project("{FAE04EC0-301F-11D3-BF4B-00C04F79EFBC}") = "Assembly-CSharp", "Assembly-CSharp.csproj", "{831C5137-6546-E1D8-60C3-3B037A1307A5}"
EndProject
Project("{FAE04EC0-301F-11D3-BF4B-00C04F79EFBC}") = "Assembly-CSharp-firstpass", "Assembly-CSharp-firstpass.csproj", "{CCE39DFB-440F-03C5-43AD-89CF86786388}"
EndProject
Project("{FAE04EC0-301F-11D3-BF4B-00C04F79EFBC}") = "Assembly-CSharp-Editor", "Assembly-CSharp-Editor.csproj", "{A44C342D-9DF8-A791-D147-A5AADEDAA44D}"
EndProject
Global
	GlobalSection(SolutionConfigurationPlatforms) = preSolution
		Debug|Any CPU = Debug|Any CPU
		Release|Any CPU = Release|Any CPU
	EndGlobalSection
	GlobalSection(ProjectConfigurationPlatforms) = postSolution
		{831C5137-6546-E1D8-60C3-3B037A1307A5}.Debug|Any CPU.ActiveCfg = Debug|Any CPU
		{831C5137-6546-E1D8-60C3-3B037A1307A5}.Debug|Any CPU.Build.0 = Debug|Any CPU
		{831C5137-6546-E1D8-60C3-3B037A1307A5}.Release|Any CPU.ActiveCfg = Release|Any CPU
		{831C5137-6546-E1D8-60C3-3B037A1307A5}.Release|Any CPU.Build.0 = Release|Any CPU
		{CCE39DFB-440F-03C5-43AD-89CF86786388}.Debug|Any CPU.ActiveCfg = Debug|Any CPU
		{CCE39DFB-440F-03C5-43AD-89CF86786388}.Debug|Any CPU.Build.0 = Debug|Any CPU
		{CCE39DFB-440F-03C5-43AD-89CF86786388}.Release|Any CPU.ActiveCfg = Release|Any CPU
		{CCE39DFB-440F-03C5-43AD-89CF86786388}.Release|Any CPU.Build.0 = Release|Any CPU
		{A44C342D-9DF8-A791-D147-A5AADEDAA44D}.Debug|Any CPU.ActiveCfg = Debug|Any CPU
		{A44C342D-9DF8-A791-D147-A5AADEDAA44D}.Debug|Any CPU.Build.0 = Debug|Any CPU
		{A44C342D-9DF8-A791-D147-A5AADEDAA44D}.Release|Any CPU.ActiveCfg = Release|Any CPU
		{A44C342D-9DF8-A791-D147-A5AADEDAA44D}.Release|Any CPU.Build.0 = Release|Any CPU
	EndGlobalSection
	GlobalSection(SolutionProperties) = preSolution
		HideSolutionNode = FALSE
	EndGlobalSection
EndGlobal
